<Solution>
  <Project Path="Assembly-CSharp.csproj" />
  <Project Path="Evo.UI.csproj" />
  <Project Path="Evo.Editor.csproj" />
  <Project Path="Evo.UI.Editor.csproj" />
  <Project Path="Assembly-CSharp-Editor.csproj" />
  <Project Path="Assembly-CSharp-firstpass.csproj" />
  <Project Path="Evo.csproj" />
</Solution>
